schema: '2.0'
stages:
  preprocess_data:
    cmd: python src/preprocess.py data/raw_data.csv res/processed_data.csv
    deps:
    - path: data/raw_data.csv
      hash: md5
      md5: 21d441a28bce4417276097df955afc50
      size: 2928
    outs:
    - path: res/processed_data.csv
      hash: md5
      md5: bfbcea6fc7aa0555764f3108b8d6c8ac
      size: 11116
  train:
    cmd: python src/train.py --learning_rate 0.1 --num_epochs 100 --test_size 
      0.2
    deps:
    - path: res/processed_data.csv
      hash: md5
      md5: bfbcea6fc7aa0555764f3108b8d6c8ac
      size: 11116
    - path: src/train.py
      hash: md5
      md5: 0d7b1e559f4b8a8bf1f678264e72d512
      size: 5719
    outs:
    - path: metrics/iris_metrics.json
      hash: md5
      md5: 1a18865ebe82ce993ccb7673792ab534
      size: 143
    - path: models/iris_model.pkl
      hash: md5
      md5: c3fd83ae7f785c1c5a3ab8ad828ed388
      size: 2280
    - path: plot/epoch_metrics.csv
      hash: md5
      md5: 7450a46c6e450bca555b481b4adff88c
      size: 8258
    - path: plot/learning_curves.png
      hash: md5
      md5: 1819086e67e187ace0253205deb791a3
      size: 55499
