schema: '2.0'
stages:
  preprocess_data:
    cmd: python src/preprocess.py data/raw_data.csv res/processed_data.csv
    deps:
    - path: data/raw_data.csv
      hash: md5
      md5: 21d441a28bce4417276097df955afc50
      size: 2928
    outs:
    - path: res/processed_data.csv
      hash: md5
      md5: bfbcea6fc7aa0555764f3108b8d6c8ac
      size: 11116
  train:
    cmd: python src/train.py --learning_rate 0.0001 --num_epochs 100 --test_size
      0.2
    deps:
    - path: res/processed_data.csv
      hash: md5
      md5: bfbcea6fc7aa0555764f3108b8d6c8ac
      size: 11116
    - path: src/train.py
      hash: md5
      md5: 0d7b1e559f4b8a8bf1f678264e72d512
      size: 5719
    outs:
    - path: metrics/iris_metrics.json
      hash: md5
      md5: da37c4ec5e34cad656c6d3fd9493fefb
      size: 145
    - path: models/iris_model.pkl
      hash: md5
      md5: b11133b8bcb48461cd25d2440a3abb13
      size: 2280
    - path: plot/epoch_metrics.csv
      hash: md5
      md5: e331ce02eb02a3795c368e6a44a6e3dd
      size: 7958
    - path: plot/learning_curves.png
      hash: md5
      md5: 0ac9c9f492406462862b31d2b148e53a
      size: 56215
